
Microsoft Visual Studio Solution File, Format Version 12.00
# Visual Studio 2013
VisualStudioVersion = 12.0.21005.1
MinimumVisualStudioVersion = 10.0.40219.1
Project("{FAE04EC0-301F-11D3-BF4B-00C04F79EFBC}") = "Exam70_483_AllCodeSamples", "Exam70_483_AllCodeSamples\Exam70_483_AllCodeSamples.csproj", "{3173AAEB-E7E1-4ABE-88A2-AF0D8C041FBC}"
EndProject
Global
	GlobalSection(SolutionConfigurationPlatforms) = preSolution
		Debug|Any CPU = Debug|Any CPU
		Release|Any CPU = Release|Any CPU
	EndGlobalSection
	GlobalSection(ProjectConfigurationPlatforms) = postSolution
		{3173AAEB-E7E1-4ABE-88A2-AF0D8C041FBC}.Debug|Any CPU.ActiveCfg = Debug|Any CPU
		{3173AAEB-E7E1-4ABE-88A2-AF0D8C041FBC}.Debug|Any CPU.Build.0 = Debug|Any CPU
		{3173AAEB-E7E1-4ABE-88A2-AF0D8C041FBC}.Release|Any CPU.ActiveCfg = Release|Any CPU
		{3173AAEB-E7E1-4ABE-88A2-AF0D8C041FBC}.Release|Any CPU.Build.0 = Release|Any CPU
	EndGlobalSection
	GlobalSection(SolutionProperties) = preSolution
		HideSolutionNode = FALSE
	EndGlobalSection
EndGlobal
